
Microsoft Visual Studio Solution File, Format Version 12.00
# Visual Studio Version 16
VisualStudioVersion = 16.0.31624.102
MinimumVisualStudioVersion = 10.0.40219.1
Project("{FAE04EC0-301F-11D3-BF4B-00C04F79EFBC}") = "Algorithm-Problem", "Algorithm-Problem.csproj", "{2AE39530-9B4B-41E8-9C73-891387AB58A5}"
EndProject
Global
	GlobalSection(SolutionConfigurationPlatforms) = preSolution
		Debug|Any CPU = Debug|Any CPU
		Release|Any CPU = Release|Any CPU
	EndGlobalSection
	GlobalSection(ProjectConfigurationPlatforms) = postSolution
		{2AE39530-9B4B-41E8-9C73-891387AB58A5}.Debug|Any CPU.ActiveCfg = Debug|Any CPU
		{2AE39530-9B4B-41E8-9C73-891387AB58A5}.Debug|Any CPU.Build.0 = Debug|Any CPU
		{2AE39530-9B4B-41E8-9C73-891387AB58A5}.Release|Any CPU.ActiveCfg = Release|Any CPU
		{2AE39530-9B4B-41E8-9C73-891387AB58A5}.Release|Any CPU.Build.0 = Release|Any CPU
	EndGlobalSection
	GlobalSection(SolutionProperties) = preSolution
		HideSolutionNode = FALSE
	EndGlobalSection
	GlobalSection(ExtensibilityGlobals) = postSolution
		SolutionGuid = {0BFCF9B5-15C1-49EF-93CD-9CC971F79B15}
	EndGlobalSection
EndGlobal
